// !$*UTF8*$!
{
	archiveVersion = 1;
	classes = {
	};
	objectVersion = 46;
	objects = {

/* Begin PBXBuildFile section */
		3CFE7D801D1D8C2500473838 /* AppDelegate.swift in Sources */ = {isa = PBXBuildFile; fileRef = 3CFE7D7F1D1D8C2500473838 /* AppDelegate.swift */; };
		3CFE7D821D1D8C2500473838 /* ViewController.swift in Sources */ = {isa = PBXBuildFile; fileRef = 3CFE7D811D1D8C2500473838 /* ViewController.swift */; };
		3CFE7D851D1D8C2500473838 /* Main.storyboard in Resources */ = {isa = PBXBuildFile; fileRef = 3CFE7D831D1D8C2500473838 /* Main.storyboard */; };
		3CFE7D871D1D8C2600473838 /* Assets.xcassets in Resources */ = {isa = PBXBuildFile; fileRef = 3CFE7D861D1D8C2600473838 /* Assets.xcassets */; };
		3CFE7D8A1D1D8C2600473838 /* LaunchScreen.storyboard in Resources */ = {isa = PBXBuildFile; fileRef = 3CFE7D881D1D8C2600473838 /* LaunchScreen.storyboard */; };
		8C508F1B1D1DC7790096ED00 /* HerokuClient.swift in Sources */ = {isa = PBXBuildFile; fileRef = 8C508F1A1D1DC7790096ED00 /* HerokuClient.swift */; };
		8C508F1E1D1DD11C0096ED00 /* ChatItem.swift in Sources */ = {isa = PBXBuildFile; fileRef = 8C508F1D1D1DD11C0096ED00 /* ChatItem.swift */; };
		8CDA67B61D1D9DD800A5688A /* BaseAPIClient.swift in Sources */ = {isa = PBXBuildFile; fileRef = 8CDA67B51D1D9DD800A5688A /* BaseAPIClient.swift */; };
		8CDA67B91D1D9E4F00A5688A /* DispatchUtility.swift in Sources */ = {isa = PBXBuildFile; fileRef = 8CDA67B81D1D9E4F00A5688A /* DispatchUtility.swift */; };
		8CDA67C41D1DAA6900A5688A /* changelog.txt in Resources */ = {isa = PBXBuildFile; fileRef = 8CDA67BD1D1DAA6900A5688A /* changelog.txt */; };
		8CDA67C51D1DAA6900A5688A /* speex-license.txt in Resources */ = {isa = PBXBuildFile; fileRef = 8CDA67C01D1DAA6900A5688A /* speex-license.txt */; };
		8CDA67C61D1DAA6900A5688A /* Nuance NDEV Mobile Evaluation Agreement - US 012902014.txt in Resources */ = {isa = PBXBuildFile; fileRef = 8CDA67C21D1DAA6900A5688A /* Nuance NDEV Mobile Evaluation Agreement - US 012902014.txt */; };
		8CDA67C71D1DAA6900A5688A /* SpeechKit.framework in Frameworks */ = {isa = PBXBuildFile; fileRef = 8CDA67C31D1DAA6900A5688A /* SpeechKit.framework */; };
		8CDA67C91D1DACF100A5688A /* SpeechKitManager.swift in Sources */ = {isa = PBXBuildFile; fileRef = 8CDA67C81D1DACF100A5688A /* SpeechKitManager.swift */; };
/* End PBXBuildFile section */

/* Begin PBXFileReference section */
		3CFE7D7C1D1D8C2500473838 /* RhymeGame.app */ = {isa = PBXFileReference; explicitFileType = wrapper.application; includeInIndex = 0; path = RhymeGame.app; sourceTree = BUILT_PRODUCTS_DIR; };
		3CFE7D7F1D1D8C2500473838 /* AppDelegate.swift */ = {isa = PBXFileReference; lastKnownFileType = sourcecode.swift; path = AppDelegate.swift; sourceTree = "<group>"; };
		3CFE7D811D1D8C2500473838 /* ViewController.swift */ = {isa = PBXFileReference; lastKnownFileType = sourcecode.swift; path = ViewController.swift; sourceTree = "<group>"; };
		3CFE7D841D1D8C2500473838 /* Base */ = {isa = PBXFileReference; lastKnownFileType = file.storyboard; name = Base; path = Base.lproj/Main.storyboard; sourceTree = "<group>"; };
		3CFE7D861D1D8C2600473838 /* Assets.xcassets */ = {isa = PBXFileReference; lastKnownFileType = folder.assetcatalog; path = Assets.xcassets; sourceTree = "<group>"; };
		3CFE7D891D1D8C2600473838 /* Base */ = {isa = PBXFileReference; lastKnownFileType = file.storyboard; name = Base; path = Base.lproj/LaunchScreen.storyboard; sourceTree = "<group>"; };
		3CFE7D8B1D1D8C2600473838 /* Info.plist */ = {isa = PBXFileReference; lastKnownFileType = text.plist.xml; path = Info.plist; sourceTree = "<group>"; };
		8C508F1A1D1DC7790096ED00 /* HerokuClient.swift */ = {isa = PBXFileReference; fileEncoding = 4; lastKnownFileType = sourcecode.swift; path = HerokuClient.swift; sourceTree = "<group>"; };
		8C508F1D1D1DD11C0096ED00 /* ChatItem.swift */ = {isa = PBXFileReference; fileEncoding = 4; lastKnownFileType = sourcecode.swift; path = ChatItem.swift; sourceTree = "<group>"; };
		8CDA67B51D1D9DD800A5688A /* BaseAPIClient.swift */ = {isa = PBXFileReference; fileEncoding = 4; lastKnownFileType = sourcecode.swift; path = BaseAPIClient.swift; sourceTree = "<group>"; };
		8CDA67B81D1D9E4F00A5688A /* DispatchUtility.swift */ = {isa = PBXFileReference; fileEncoding = 4; lastKnownFileType = sourcecode.swift; path = DispatchUtility.swift; sourceTree = "<group>"; };
		8CDA67BD1D1DAA6900A5688A /* changelog.txt */ = {isa = PBXFileReference; fileEncoding = 4; lastKnownFileType = text; path = changelog.txt; sourceTree = "<group>"; };
		8CDA67C01D1DAA6900A5688A /* speex-license.txt */ = {isa = PBXFileReference; fileEncoding = 4; lastKnownFileType = text; path = "speex-license.txt"; sourceTree = "<group>"; };
		8CDA67C21D1DAA6900A5688A /* Nuance NDEV Mobile Evaluation Agreement - US 012902014.txt */ = {isa = PBXFileReference; fileEncoding = 4; lastKnownFileType = text; path = "Nuance NDEV Mobile Evaluation Agreement - US 012902014.txt"; sourceTree = "<group>"; };
		8CDA67C31D1DAA6900A5688A /* SpeechKit.framework */ = {isa = PBXFileReference; lastKnownFileType = wrapper.framework; path = SpeechKit.framework; sourceTree = "<group>"; };
		8CDA67C81D1DACF100A5688A /* SpeechKitManager.swift */ = {isa = PBXFileReference; fileEncoding = 4; lastKnownFileType = sourcecode.swift; path = SpeechKitManager.swift; sourceTree = "<group>"; };
/* End PBXFileReference section */

/* Begin PBXFrameworksBuildPhase section */
		3CFE7D791D1D8C2500473838 /* Frameworks */ = {
			isa = PBXFrameworksBuildPhase;
			buildActionMask = 2147483647;
			files = (
				8CDA67C71D1DAA6900A5688A /* SpeechKit.framework in Frameworks */,
			);
			runOnlyForDeploymentPostprocessing = 0;
		};
/* End PBXFrameworksBuildPhase section */

/* Begin PBXGroup section */
		3CFE7D731D1D8C2500473838 = {
			isa = PBXGroup;
			children = (
				3CFE7D7E1D1D8C2500473838 /* RhymeGame */,
				3CFE7D7D1D1D8C2500473838 /* Products */,
			);
			sourceTree = "<group>";
		};
		3CFE7D7D1D1D8C2500473838 /* Products */ = {
			isa = PBXGroup;
			children = (
				3CFE7D7C1D1D8C2500473838 /* RhymeGame.app */,
			);
			name = Products;
			sourceTree = "<group>";
		};
		3CFE7D7E1D1D8C2500473838 /* RhymeGame */ = {
			isa = PBXGroup;
			children = (
				8C7781F11D1DF85400DB0611 /* UI */,
				8CDA67BB1D1DAA2000A5688A /* Frameworks */,
				8C508F1C1D1DD1090096ED00 /* Model */,
				8CDA67BA1D1DA07D00A5688A /* Logic */,
				8CDA67B71D1D9E4000A5688A /* Utility */,
				8CDA67B41D1D9D7C00A5688A /* Networking */,
				3CFE7D7F1D1D8C2500473838 /* AppDelegate.swift */,
				3CFE7D831D1D8C2500473838 /* Main.storyboard */,
				3CFE7D861D1D8C2600473838 /* Assets.xcassets */,
				3CFE7D881D1D8C2600473838 /* LaunchScreen.storyboard */,
				3CFE7D8B1D1D8C2600473838 /* Info.plist */,
			);
			path = RhymeGame;
			sourceTree = "<group>";
		};
		8C508F1C1D1DD1090096ED00 /* Model */ = {
			isa = PBXGroup;
			children = (
				8C508F1D1D1DD11C0096ED00 /* ChatItem.swift */,
			);
			name = Model;
			sourceTree = "<group>";
		};
		8C7781F11D1DF85400DB0611 /* UI */ = {
			isa = PBXGroup;
			children = (
				3CFE7D811D1D8C2500473838 /* ViewController.swift */,
			);
			name = UI;
			sourceTree = "<group>";
		};
		8CDA67B41D1D9D7C00A5688A /* Networking */ = {
			isa = PBXGroup;
			children = (
				8CDA67B51D1D9DD800A5688A /* BaseAPIClient.swift */,
				8C508F1A1D1DC7790096ED00 /* HerokuClient.swift */,
			);
			name = Networking;
			sourceTree = "<group>";
		};
		8CDA67B71D1D9E4000A5688A /* Utility */ = {
			isa = PBXGroup;
			children = (
				8CDA67B81D1D9E4F00A5688A /* DispatchUtility.swift */,
			);
			name = Utility;
			sourceTree = "<group>";
		};
		8CDA67BA1D1DA07D00A5688A /* Logic */ = {
			isa = PBXGroup;
			children = (
				8CDA67C81D1DACF100A5688A /* SpeechKitManager.swift */,
			);
			name = Logic;
			sourceTree = "<group>";
		};
		8CDA67BB1D1DAA2000A5688A /* Frameworks */ = {
			isa = PBXGroup;
			children = (
				8CDA67BC1D1DAA6900A5688A /* speechkit-iOS-2.1.6 */,
			);
			name = Frameworks;
			sourceTree = "<group>";
		};
		8CDA67BC1D1DAA6900A5688A /* speechkit-iOS-2.1.6 */ = {
			isa = PBXGroup;
			children = (
				8CDA67BD1D1DAA6900A5688A /* changelog.txt */,
				8CDA67BE1D1DAA6900A5688A /* license */,
				8CDA67C31D1DAA6900A5688A /* SpeechKit.framework */,
			);
			path = "speechkit-iOS-2.1.6";
			sourceTree = "<group>";
		};
		8CDA67BE1D1DAA6900A5688A /* license */ = {
			isa = PBXGroup;
			children = (
				8CDA67BF1D1DAA6900A5688A /* 3rdparty */,
				8CDA67C11D1DAA6900A5688A /* nuance */,
			);
			path = license;
			sourceTree = "<group>";
		};
		8CDA67BF1D1DAA6900A5688A /* 3rdparty */ = {
			isa = PBXGroup;
			children = (
				8CDA67C01D1DAA6900A5688A /* speex-license.txt */,
			);
			path = 3rdparty;
			sourceTree = "<group>";
		};
		8CDA67C11D1DAA6900A5688A /* nuance */ = {
			isa = PBXGroup;
			children = (
				8CDA67C21D1DAA6900A5688A /* Nuance NDEV Mobile Evaluation Agreement - US 012902014.txt */,
			);
			path = nuance;
			sourceTree = "<group>";
		};
/* End PBXGroup section */

/* Begin PBXNativeTarget section */
		3CFE7D7B1D1D8C2500473838 /* RhymeGame */ = {
			isa = PBXNativeTarget;
			buildConfigurationList = 3CFE7D8E1D1D8C2600473838 /* Build configuration list for PBXNativeTarget "RhymeGame" */;
			buildPhases = (
				3CFE7D781D1D8C2500473838 /* Sources */,
				3CFE7D791D1D8C2500473838 /* Frameworks */,
				3CFE7D7A1D1D8C2500473838 /* Resources */,
			);
			buildRules = (
			);
			dependencies = (
			);
			name = RhymeGame;
			productName = RhymeGame;
			productReference = 3CFE7D7C1D1D8C2500473838 /* RhymeGame.app */;
			productType = "com.apple.product-type.application";
		};
/* End PBXNativeTarget section */

/* Begin PBXProject section */
		3CFE7D741D1D8C2500473838 /* Project object */ = {
			isa = PBXProject;
			attributes = {
				LastSwiftUpdateCheck = 0730;
				LastUpgradeCheck = 0730;
				ORGANIZATIONNAME = "Sergey Gavrilyuk";
				TargetAttributes = {
					3CFE7D7B1D1D8C2500473838 = {
						CreatedOnToolsVersion = 7.3.1;
						DevelopmentTeam = C48PVCC83Z;
					};
				};
			};
			buildConfigurationList = 3CFE7D771D1D8C2500473838 /* Build configuration list for PBXProject "RhymeGame" */;
			compatibilityVersion = "Xcode 3.2";
			developmentRegion = English;
			hasScannedForEncodings = 0;
			knownRegions = (
				en,
				Base,
			);
			mainGroup = 3CFE7D731D1D8C2500473838;
			productRefGroup = 3CFE7D7D1D1D8C2500473838 /* Products */;
			projectDirPath = "";
			projectRoot = "";
			targets = (
				3CFE7D7B1D1D8C2500473838 /* RhymeGame */,
			);
		};
/* End PBXProject section */

/* Begin PBXResourcesBuildPhase section */
		3CFE7D7A1D1D8C2500473838 /* Resources */ = {
			isa = PBXResourcesBuildPhase;
			buildActionMask = 2147483647;
			files = (
				8CDA67C51D1DAA6900A5688A /* speex-license.txt in Resources */,
				8CDA67C61D1DAA6900A5688A /* Nuance NDEV Mobile Evaluation Agreement - US 012902014.txt in Resources */,
				3CFE7D8A1D1D8C2600473838 /* LaunchScreen.storyboard in Resources */,
				3CFE7D871D1D8C2600473838 /* Assets.xcassets in Resources */,
				3CFE7D851D1D8C2500473838 /* Main.storyboard in Resources */,
				8CDA67C41D1DAA6900A5688A /* changelog.txt in Resources */,
			);
			runOnlyForDeploymentPostprocessing = 0;
		};
/* End PBXResourcesBuildPhase section */

/* Begin PBXSourcesBuildPhase section */
		3CFE7D781D1D8C2500473838 /* Sources */ = {
			isa = PBXSourcesBuildPhase;
			buildActionMask = 2147483647;
			files = (
				8C508F1B1D1DC7790096ED00 /* HerokuClient.swift in Sources */,
				8CDA67C91D1DACF100A5688A /* SpeechKitManager.swift in Sources */,
				8C508F1E1D1DD11C0096ED00 /* ChatItem.swift in Sources */,
				8CDA67B91D1D9E4F00A5688A /* DispatchUtility.swift in Sources */,
				3CFE7D821D1D8C2500473838 /* ViewController.swift in Sources */,
				3CFE7D801D1D8C2500473838 /* AppDelegate.swift in Sources */,
				8CDA67B61D1D9DD800A5688A /* BaseAPIClient.swift in Sources */,
			);
			runOnlyForDeploymentPostprocessing = 0;
		};
/* End PBXSourcesBuildPhase section */

/* Begin PBXVariantGroup section */
		3CFE7D831D1D8C2500473838 /* Main.storyboard */ = {
			isa = PBXVariantGroup;
			children = (
				3CFE7D841D1D8C2500473838 /* Base */,
			);
			name = Main.storyboard;
			sourceTree = "<group>";
		};
		3CFE7D881D1D8C2600473838 /* LaunchScreen.storyboard */ = {
			isa = PBXVariantGroup;
			children = (
				3CFE7D891D1D8C2600473838 /* Base */,
			);
			name = LaunchScreen.storyboard;
			sourceTree = "<group>";
		};
/* End PBXVariantGroup section */

/* Begin XCBuildConfiguration section */
		3CFE7D8C1D1D8C2600473838 /* Debug */ = {
			isa = XCBuildConfiguration;
			buildSettings = {
				ALWAYS_SEARCH_USER_PATHS = NO;
				CLANG_ANALYZER_NONNULL = YES;
				CLANG_CXX_LANGUAGE_STANDARD = "gnu++0x";
				CLANG_CXX_LIBRARY = "libc++";
				CLANG_ENABLE_MODULES = YES;
				CLANG_ENABLE_OBJC_ARC = YES;
				CLANG_WARN_BOOL_CONVERSION = YES;
				CLANG_WARN_CONSTANT_CONVERSION = YES;
				CLANG_WARN_DIRECT_OBJC_ISA_USAGE = YES_ERROR;
				CLANG_WARN_EMPTY_BODY = YES;
				CLANG_WARN_ENUM_CONVERSION = YES;
				CLANG_WARN_INT_CONVERSION = YES;
				CLANG_WARN_OBJC_ROOT_CLASS = YES_ERROR;
				CLANG_WARN_UNREACHABLE_CODE = YES;
				CLANG_WARN__DUPLICATE_METHOD_MATCH = YES;
				"CODE_SIGN_IDENTITY[sdk=iphoneos*]" = "iPhone Developer";
				COPY_PHASE_STRIP = NO;
				DEBUG_INFORMATION_FORMAT = dwarf;
				ENABLE_STRICT_OBJC_MSGSEND = YES;
				ENABLE_TESTABILITY = YES;
				GCC_C_LANGUAGE_STANDARD = gnu99;
				GCC_DYNAMIC_NO_PIC = NO;
				GCC_NO_COMMON_BLOCKS = YES;
				GCC_OPTIMIZATION_LEVEL = 0;
				GCC_PREPROCESSOR_DEFINITIONS = (
					"DEBUG=1",
					"$(inherited)",
				);
				GCC_WARN_64_TO_32_BIT_CONVERSION = YES;
				GCC_WARN_ABOUT_RETURN_TYPE = YES_ERROR;
				GCC_WARN_UNDECLARED_SELECTOR = YES;
				GCC_WARN_UNINITIALIZED_AUTOS = YES_AGGRESSIVE;
				GCC_WARN_UNUSED_FUNCTION = YES;
				GCC_WARN_UNUSED_VARIABLE = YES;
				IPHONEOS_DEPLOYMENT_TARGET = 9.3;
				MTL_ENABLE_DEBUG_INFO = YES;
				ONLY_ACTIVE_ARCH = YES;
				SDKROOT = iphoneos;
				SWIFT_OPTIMIZATION_LEVEL = "-Onone";
				TARGETED_DEVICE_FAMILY = "1,2";
			};
			name = Debug;
		};
		3CFE7D8D1D1D8C2600473838 /* Release */ = {
			isa = XCBuildConfiguration;
			buildSettings = {
				ALWAYS_SEARCH_USER_PATHS = NO;
				CLANG_ANALYZER_NONNULL = YES;
				CLANG_CXX_LANGUAGE_STANDARD = "gnu++0x";
				CLANG_CXX_LIBRARY = "libc++";
				CLANG_ENABLE_MODULES = YES;
				CLANG_ENABLE_OBJC_ARC = YES;
				CLANG_WARN_BOOL_CONVERSION = YES;
				CLANG_WARN_CONSTANT_CONVERSION = YES;
				CLANG_WARN_DIRECT_OBJC_ISA_USAGE = YES_ERROR;
				CLANG_WARN_EMPTY_BODY = YES;
				CLANG_WARN_ENUM_CONVERSION = YES;
				CLANG_WARN_INT_CONVERSION = YES;
				CLANG_WARN_OBJC_ROOT_CLASS = YES_ERROR;
				CLANG_WARN_UNREACHABLE_CODE = YES;
				CLANG_WARN__DUPLICATE_METHOD_MATCH = YES;
				"CODE_SIGN_IDENTITY[sdk=iphoneos*]" = "iPhone Developer";
				COPY_PHASE_STRIP = NO;
				DEBUG_INFORMATION_FORMAT = "dwarf-with-dsym";
				ENABLE_NS_ASSERTIONS = NO;
				ENABLE_STRICT_OBJC_MSGSEND = YES;
				GCC_C_LANGUAGE_STANDARD = gnu99;
				GCC_NO_COMMON_BLOCKS = YES;
				GCC_WARN_64_TO_32_BIT_CONVERSION = YES;
				GCC_WARN_ABOUT_RETURN_TYPE = YES_ERROR;
				GCC_WARN_UNDECLARED_SELECTOR = YES;
				GCC_WARN_UNINITIALIZED_AUTOS = YES_AGGRESSIVE;
				GCC_WARN_UNUSED_FUNCTION = YES;
				GCC_WARN_UNUSED_VARIABLE = YES;
				IPHONEOS_DEPLOYMENT_TARGET = 9.3;
				MTL_ENABLE_DEBUG_INFO = NO;
				SDKROOT = iphoneos;
				TARGETED_DEVICE_FAMILY = "1,2";
				VALIDATE_PRODUCT = YES;
			};
			name = Release;
		};
		3CFE7D8F1D1D8C2600473838 /* Debug */ = {
			isa = XCBuildConfiguration;
			buildSettings = {
				ASSETCATALOG_COMPILER_APPICON_NAME = AppIcon;
				CLANG_ENABLE_MODULES = YES;
				CODE_SIGN_IDENTITY = "iPhone Developer";
				"CODE_SIGN_IDENTITY[sdk=iphoneos*]" = "iPhone Developer";
				FRAMEWORK_SEARCH_PATHS = (
					"$(inherited)",
					"$(PROJECT_DIR)/RhymeGame/speechkit-iOS-2.1.6",
				);
				INFOPLIST_FILE = RhymeGame/Info.plist;
				LD_RUNPATH_SEARCH_PATHS = "$(inherited) @executable_path/Frameworks";
				OTHER_LDFLAGS = "-l\"c++\"";
				PRODUCT_BUNDLE_IDENTIFIER = digiflare.RhymeGame;
				PRODUCT_NAME = "$(TARGET_NAME)";
				PROVISIONING_PROFILE = "";
				SWIFT_OPTIMIZATION_LEVEL = "-Onone";
			};
			name = Debug;
		};
		3CFE7D901D1D8C2600473838 /* Release */ = {
			isa = XCBuildConfiguration;
			buildSettings = {
				ASSETCATALOG_COMPILER_APPICON_NAME = AppIcon;
				CLANG_ENABLE_MODULES = YES;
				CODE_SIGN_IDENTITY = "iPhone Developer";
				"CODE_SIGN_IDENTITY[sdk=iphoneos*]" = "iPhone Developer";
				FRAMEWORK_SEARCH_PATHS = (
					"$(inherited)",
					"$(PROJECT_DIR)/RhymeGame/speechkit-iOS-2.1.6",
				);
				INFOPLIST_FILE = RhymeGame/Info.plist;
				LD_RUNPATH_SEARCH_PATHS = "$(inherited) @executable_path/Frameworks";
				OTHER_LDFLAGS = "-l\"c++\"";
				PRODUCT_BUNDLE_IDENTIFIER = digiflare.RhymeGame;
				PRODUCT_NAME = "$(TARGET_NAME)";
				PROVISIONING_PROFILE = "";
			};
			name = Release;
		};
/* End XCBuildConfiguration section */

/* Begin XCConfigurationList section */
		3CFE7D771D1D8C2500473838 /* Build configuration list for PBXProject "RhymeGame" */ = {
			isa = XCConfigurationList;
			buildConfigurations = (
				3CFE7D8C1D1D8C2600473838 /* Debug */,
				3CFE7D8D1D1D8C2600473838 /* Release */,
			);
			defaultConfigurationIsVisible = 0;
			defaultConfigurationName = Release;
		};
		3CFE7D8E1D1D8C2600473838 /* Build configuration list for PBXNativeTarget "RhymeGame" */ = {
			isa = XCConfigurationList;
			buildConfigurations = (
				3CFE7D8F1D1D8C2600473838 /* Debug */,
				3CFE7D901D1D8C2600473838 /* Release */,
			);
			defaultConfigurationIsVisible = 0;
			defaultConfigurationName = Release;
		};
/* End XCConfigurationList section */
	};
	rootObject = 3CFE7D741D1D8C2500473838 /* Project object */;
}
